
Microsoft Visual Studio Solution File, Format Version 12.00
# Visual Studio 2012
Project("{FAE04EC0-301F-11D3-BF4B-00C04F79EFBC}") = "Storage", "Storage\Storage.csproj", "{7F6ED44D-0AA8-4D4B-8DBE-FBFB0F20E9A5}"
EndProject
Project("{FAE04EC0-301F-11D3-BF4B-00C04F79EFBC}") = "WebServer", "WebServer\WebServer.csproj", "{030A9116-5751-4180-A19A-17C1AB21D5FA}"
EndProject
Project("{FAE04EC0-301F-11D3-BF4B-00C04F79EFBC}") = "WebServerUnitTest", "WebServerUnitTest\WebServerUnitTest.csproj", "{DFC69762-0905-45D5-8B5F-B3BFD67F4E84}"
EndProject
Project("{FAE04EC0-301F-11D3-BF4B-00C04F79EFBC}") = "EntityFrameworkStorage", "EntityFrameworkStorage\EntityFrameworkStorage.csproj", "{531A3239-9797-4D54-AEBD-224C5868BB19}"
EndProject
Project("{FAE04EC0-301F-11D3-BF4B-00C04F79EFBC}") = "CommunicationFramework", "CommunicationFramework\CommunicationFramework.csproj", "{713ABCBB-D297-4DA6-A2FE-18063EDDBCD6}"
EndProject
Project("{FAE04EC0-301F-11D3-BF4B-00C04F79EFBC}") = "CommunicationFrameworkUnitTest", "CommunicationFrameworkTest\CommunicationFrameworkUnitTest.csproj", "{61FD7CC9-4C88-44A9-A0EE-DC855B9F880F}"
EndProject
Project("{FAE04EC0-301F-11D3-BF4B-00C04F79EFBC}") = "StorageTestRun", "StorageTestRun\StorageTestRun.csproj", "{C4F05E00-9D7C-4751-8D3A-023A7138B1A7}"
EndProject
Project("{FAE04EC0-301F-11D3-BF4B-00C04F79EFBC}") = "EntityFrameworkStorageUnitTest", "EntityFrameworkStorageUnitTest\EntityFrameworkStorageUnitTest.csproj", "{37BBBC8F-64B2-4205-BCD0-153364B9869F}"
EndProject
Project("{FAE04EC0-301F-11D3-BF4B-00C04F79EFBC}") = "StorageCache", "StorageCache\StorageCache.csproj", "{21FBE047-8C05-4193-8B24-AB646EFFB08D}"
EndProject
Project("{FAE04EC0-301F-11D3-BF4B-00C04F79EFBC}") = "UtilUnitTest", "UtilUnitTest\UtilUnitTest.csproj", "{4DC3E5E4-48BA-422A-A22E-BB2DF819A50E}"
EndProject
Project("{FAE04EC0-301F-11D3-BF4B-00C04F79EFBC}") = "InMemoryStorage", "InMemoryStorage\InMemoryStorage.csproj", "{89B491A8-0F90-4856-994D-19E47CBD88B9}"
EndProject
Project("{FAE04EC0-301F-11D3-BF4B-00C04F79EFBC}") = "InMemoryStorageTestRun", "InMemoryStorageTestRun\InMemoryStorageTestRun.csproj", "{D7D6DAE2-9306-47CB-AFC5-62FA7268D936}"
EndProject
Project("{FAE04EC0-301F-11D3-BF4B-00C04F79EFBC}") = "InMemoryStorageTest", "InMemoryStorageTest\InMemoryStorageTest.csproj", "{2930F64B-67A1-408C-BEA0-7CB3F937682D}"
EndProject
Project("{FAE04EC0-301F-11D3-BF4B-00C04F79EFBC}") = "MyMovieAPI", "MyMovieAPI\MyMovieAPI.csproj", "{82C5872A-2900-4975-875E-F7BA4DF2DDE3}"
EndProject
Project("{FAE04EC0-301F-11D3-BF4B-00C04F79EFBC}") = "WebServerTestRun", "WebServerTestRun\WebServerTestRun.csproj", "{863489D6-9C9D-48F9-A39E-C89EE4EC01BA}"
Project("{FAE04EC0-301F-11D3-BF4B-00C04F79EFBC}") = "StorageTest", "StorageTest\StorageTest.csproj", "{5253BE38-2E5A-437F-91B0-ED75B2446B14}"
EndProject
Global
	GlobalSection(SolutionConfigurationPlatforms) = preSolution
		Debug|Any CPU = Debug|Any CPU
		Release|Any CPU = Release|Any CPU
	EndGlobalSection
	GlobalSection(ProjectConfigurationPlatforms) = postSolution
		{7F6ED44D-0AA8-4D4B-8DBE-FBFB0F20E9A5}.Debug|Any CPU.ActiveCfg = Debug|Any CPU
		{7F6ED44D-0AA8-4D4B-8DBE-FBFB0F20E9A5}.Debug|Any CPU.Build.0 = Debug|Any CPU
		{7F6ED44D-0AA8-4D4B-8DBE-FBFB0F20E9A5}.Release|Any CPU.ActiveCfg = Release|Any CPU
		{7F6ED44D-0AA8-4D4B-8DBE-FBFB0F20E9A5}.Release|Any CPU.Build.0 = Release|Any CPU
		{030A9116-5751-4180-A19A-17C1AB21D5FA}.Debug|Any CPU.ActiveCfg = Debug|Any CPU
		{030A9116-5751-4180-A19A-17C1AB21D5FA}.Debug|Any CPU.Build.0 = Debug|Any CPU
		{030A9116-5751-4180-A19A-17C1AB21D5FA}.Release|Any CPU.ActiveCfg = Release|Any CPU
		{030A9116-5751-4180-A19A-17C1AB21D5FA}.Release|Any CPU.Build.0 = Release|Any CPU
		{DFC69762-0905-45D5-8B5F-B3BFD67F4E84}.Debug|Any CPU.ActiveCfg = Debug|Any CPU
		{DFC69762-0905-45D5-8B5F-B3BFD67F4E84}.Debug|Any CPU.Build.0 = Debug|Any CPU
		{DFC69762-0905-45D5-8B5F-B3BFD67F4E84}.Release|Any CPU.ActiveCfg = Release|Any CPU
		{DFC69762-0905-45D5-8B5F-B3BFD67F4E84}.Release|Any CPU.Build.0 = Release|Any CPU
		{531A3239-9797-4D54-AEBD-224C5868BB19}.Debug|Any CPU.ActiveCfg = Debug|Any CPU
		{531A3239-9797-4D54-AEBD-224C5868BB19}.Debug|Any CPU.Build.0 = Debug|Any CPU
		{531A3239-9797-4D54-AEBD-224C5868BB19}.Release|Any CPU.ActiveCfg = Release|Any CPU
		{531A3239-9797-4D54-AEBD-224C5868BB19}.Release|Any CPU.Build.0 = Release|Any CPU
		{713ABCBB-D297-4DA6-A2FE-18063EDDBCD6}.Debug|Any CPU.ActiveCfg = Debug|Any CPU
		{713ABCBB-D297-4DA6-A2FE-18063EDDBCD6}.Debug|Any CPU.Build.0 = Debug|Any CPU
		{713ABCBB-D297-4DA6-A2FE-18063EDDBCD6}.Release|Any CPU.ActiveCfg = Release|Any CPU
		{713ABCBB-D297-4DA6-A2FE-18063EDDBCD6}.Release|Any CPU.Build.0 = Release|Any CPU
		{61FD7CC9-4C88-44A9-A0EE-DC855B9F880F}.Debug|Any CPU.ActiveCfg = Debug|Any CPU
		{61FD7CC9-4C88-44A9-A0EE-DC855B9F880F}.Debug|Any CPU.Build.0 = Debug|Any CPU
		{61FD7CC9-4C88-44A9-A0EE-DC855B9F880F}.Release|Any CPU.ActiveCfg = Release|Any CPU
		{61FD7CC9-4C88-44A9-A0EE-DC855B9F880F}.Release|Any CPU.Build.0 = Release|Any CPU
		{C4F05E00-9D7C-4751-8D3A-023A7138B1A7}.Debug|Any CPU.ActiveCfg = Debug|Any CPU
		{C4F05E00-9D7C-4751-8D3A-023A7138B1A7}.Debug|Any CPU.Build.0 = Debug|Any CPU
		{C4F05E00-9D7C-4751-8D3A-023A7138B1A7}.Release|Any CPU.ActiveCfg = Release|Any CPU
		{C4F05E00-9D7C-4751-8D3A-023A7138B1A7}.Release|Any CPU.Build.0 = Release|Any CPU
		{37BBBC8F-64B2-4205-BCD0-153364B9869F}.Debug|Any CPU.ActiveCfg = Debug|Any CPU
		{37BBBC8F-64B2-4205-BCD0-153364B9869F}.Debug|Any CPU.Build.0 = Debug|Any CPU
		{37BBBC8F-64B2-4205-BCD0-153364B9869F}.Release|Any CPU.ActiveCfg = Release|Any CPU
		{37BBBC8F-64B2-4205-BCD0-153364B9869F}.Release|Any CPU.Build.0 = Release|Any CPU
		{21FBE047-8C05-4193-8B24-AB646EFFB08D}.Debug|Any CPU.ActiveCfg = Debug|Any CPU
		{21FBE047-8C05-4193-8B24-AB646EFFB08D}.Debug|Any CPU.Build.0 = Debug|Any CPU
		{21FBE047-8C05-4193-8B24-AB646EFFB08D}.Release|Any CPU.ActiveCfg = Release|Any CPU
		{21FBE047-8C05-4193-8B24-AB646EFFB08D}.Release|Any CPU.Build.0 = Release|Any CPU
		{4DC3E5E4-48BA-422A-A22E-BB2DF819A50E}.Debug|Any CPU.ActiveCfg = Debug|Any CPU
		{4DC3E5E4-48BA-422A-A22E-BB2DF819A50E}.Debug|Any CPU.Build.0 = Debug|Any CPU
		{4DC3E5E4-48BA-422A-A22E-BB2DF819A50E}.Release|Any CPU.ActiveCfg = Release|Any CPU
		{4DC3E5E4-48BA-422A-A22E-BB2DF819A50E}.Release|Any CPU.Build.0 = Release|Any CPU
		{89B491A8-0F90-4856-994D-19E47CBD88B9}.Debug|Any CPU.ActiveCfg = Debug|Any CPU
		{89B491A8-0F90-4856-994D-19E47CBD88B9}.Debug|Any CPU.Build.0 = Debug|Any CPU
		{89B491A8-0F90-4856-994D-19E47CBD88B9}.Release|Any CPU.ActiveCfg = Release|Any CPU
		{89B491A8-0F90-4856-994D-19E47CBD88B9}.Release|Any CPU.Build.0 = Release|Any CPU
		{D7D6DAE2-9306-47CB-AFC5-62FA7268D936}.Debug|Any CPU.ActiveCfg = Debug|Any CPU
		{D7D6DAE2-9306-47CB-AFC5-62FA7268D936}.Debug|Any CPU.Build.0 = Debug|Any CPU
		{D7D6DAE2-9306-47CB-AFC5-62FA7268D936}.Release|Any CPU.ActiveCfg = Release|Any CPU
		{D7D6DAE2-9306-47CB-AFC5-62FA7268D936}.Release|Any CPU.Build.0 = Release|Any CPU
		{2930F64B-67A1-408C-BEA0-7CB3F937682D}.Debug|Any CPU.ActiveCfg = Debug|Any CPU
		{2930F64B-67A1-408C-BEA0-7CB3F937682D}.Debug|Any CPU.Build.0 = Debug|Any CPU
		{2930F64B-67A1-408C-BEA0-7CB3F937682D}.Release|Any CPU.ActiveCfg = Release|Any CPU
		{2930F64B-67A1-408C-BEA0-7CB3F937682D}.Release|Any CPU.Build.0 = Release|Any CPU
		{82C5872A-2900-4975-875E-F7BA4DF2DDE3}.Debug|Any CPU.ActiveCfg = Debug|Any CPU
		{82C5872A-2900-4975-875E-F7BA4DF2DDE3}.Debug|Any CPU.Build.0 = Debug|Any CPU
		{82C5872A-2900-4975-875E-F7BA4DF2DDE3}.Release|Any CPU.ActiveCfg = Release|Any CPU
		{82C5872A-2900-4975-875E-F7BA4DF2DDE3}.Release|Any CPU.Build.0 = Release|Any CPU
		{863489D6-9C9D-48F9-A39E-C89EE4EC01BA}.Debug|Any CPU.ActiveCfg = Debug|Any CPU
		{863489D6-9C9D-48F9-A39E-C89EE4EC01BA}.Debug|Any CPU.Build.0 = Debug|Any CPU
		{863489D6-9C9D-48F9-A39E-C89EE4EC01BA}.Release|Any CPU.ActiveCfg = Release|Any CPU
		{863489D6-9C9D-48F9-A39E-C89EE4EC01BA}.Release|Any CPU.Build.0 = Release|Any CPU
		{5253BE38-2E5A-437F-91B0-ED75B2446B14}.Debug|Any CPU.ActiveCfg = Debug|Any CPU
		{5253BE38-2E5A-437F-91B0-ED75B2446B14}.Debug|Any CPU.Build.0 = Debug|Any CPU
		{5253BE38-2E5A-437F-91B0-ED75B2446B14}.Release|Any CPU.ActiveCfg = Release|Any CPU
		{5253BE38-2E5A-437F-91B0-ED75B2446B14}.Release|Any CPU.Build.0 = Release|Any CPU
	EndGlobalSection
	GlobalSection(SolutionProperties) = preSolution
		HideSolutionNode = FALSE
	EndGlobalSection
EndGlobal
