
Microsoft Visual Studio Solution File, Format Version 12.00
# Visual Studio 2012
Project("{FAE04EC0-301F-11D3-BF4B-00C04F79EFBC}") = "AspClient", "AspClient\AspClient.csproj", "{B3CD7389-DF91-4152-8DC5-5F28260913E1}"
EndProject
Project("{FAE04EC0-301F-11D3-BF4B-00C04F79EFBC}") = "AspClient.Tests", "AspClient.Tests\AspClient.Tests.csproj", "{DCD68731-AFA9-4926-85BD-154F20BC28D0}"
EndProject
Global
	GlobalSection(SolutionConfigurationPlatforms) = preSolution
		Debug|Any CPU = Debug|Any CPU
		Release|Any CPU = Release|Any CPU
	EndGlobalSection
	GlobalSection(ProjectConfigurationPlatforms) = postSolution
		{B3CD7389-DF91-4152-8DC5-5F28260913E1}.Debug|Any CPU.ActiveCfg = Debug|Any CPU
		{B3CD7389-DF91-4152-8DC5-5F28260913E1}.Debug|Any CPU.Build.0 = Debug|Any CPU
		{B3CD7389-DF91-4152-8DC5-5F28260913E1}.Release|Any CPU.ActiveCfg = Release|Any CPU
		{B3CD7389-DF91-4152-8DC5-5F28260913E1}.Release|Any CPU.Build.0 = Release|Any CPU
		{DCD68731-AFA9-4926-85BD-154F20BC28D0}.Debug|Any CPU.ActiveCfg = Debug|Any CPU
		{DCD68731-AFA9-4926-85BD-154F20BC28D0}.Debug|Any CPU.Build.0 = Debug|Any CPU
		{DCD68731-AFA9-4926-85BD-154F20BC28D0}.Release|Any CPU.ActiveCfg = Release|Any CPU
		{DCD68731-AFA9-4926-85BD-154F20BC28D0}.Release|Any CPU.Build.0 = Release|Any CPU
	EndGlobalSection
	GlobalSection(SolutionProperties) = preSolution
		HideSolutionNode = FALSE
	EndGlobalSection
EndGlobal
