
Microsoft Visual Studio Solution File, Format Version 12.00
# Visual Studio 2012
Project("{FAE04EC0-301F-11D3-BF4B-00C04F79EFBC}") = "AspClient", "AspClient\AspClient.csproj", "{7F5EC84C-F118-41B3-87A2-FBE98B4C1C98}"
EndProject
Project("{FAE04EC0-301F-11D3-BF4B-00C04F79EFBC}") = "AspClient.Tests", "AspClient.Tests\AspClient.Tests.csproj", "{7B6A4949-952B-4F4D-8639-A40436586D6C}"
EndProject
Global
	GlobalSection(SolutionConfigurationPlatforms) = preSolution
		Debug|Any CPU = Debug|Any CPU
		Release|Any CPU = Release|Any CPU
	EndGlobalSection
	GlobalSection(ProjectConfigurationPlatforms) = postSolution
		{7F5EC84C-F118-41B3-87A2-FBE98B4C1C98}.Debug|Any CPU.ActiveCfg = Debug|Any CPU
		{7F5EC84C-F118-41B3-87A2-FBE98B4C1C98}.Debug|Any CPU.Build.0 = Debug|Any CPU
		{7F5EC84C-F118-41B3-87A2-FBE98B4C1C98}.Release|Any CPU.ActiveCfg = Release|Any CPU
		{7F5EC84C-F118-41B3-87A2-FBE98B4C1C98}.Release|Any CPU.Build.0 = Release|Any CPU
		{7B6A4949-952B-4F4D-8639-A40436586D6C}.Debug|Any CPU.ActiveCfg = Debug|Any CPU
		{7B6A4949-952B-4F4D-8639-A40436586D6C}.Debug|Any CPU.Build.0 = Debug|Any CPU
		{7B6A4949-952B-4F4D-8639-A40436586D6C}.Release|Any CPU.ActiveCfg = Release|Any CPU
		{7B6A4949-952B-4F4D-8639-A40436586D6C}.Release|Any CPU.Build.0 = Release|Any CPU
	EndGlobalSection
	GlobalSection(SolutionProperties) = preSolution
		HideSolutionNode = FALSE
	EndGlobalSection
EndGlobal
