
Microsoft Visual Studio Solution File, Format Version 12.00
# Visual Studio 2012
Project("{FAE04EC0-301F-11D3-BF4B-00C04F79EFBC}") = "FakeIMDB DesktopClient", "FakeIMDB DesktopClient\FakeIMDB DesktopClient.csproj", "{021B8D0B-7350-41DA-8BFB-6DB509AF4068}"
EndProject
Project("{FAE04EC0-301F-11D3-BF4B-00C04F79EFBC}") = "DesktepClientUnitTest", "DesktepClientUnitTest\DesktepClientUnitTest.csproj", "{CEA4637C-FBF3-46F1-AEE2-AE2BD6D67739}"
EndProject
Global
	GlobalSection(SolutionConfigurationPlatforms) = preSolution
		Debug|Any CPU = Debug|Any CPU
		Debug|Mixed Platforms = Debug|Mixed Platforms
		Debug|x86 = Debug|x86
		Release|Any CPU = Release|Any CPU
		Release|Mixed Platforms = Release|Mixed Platforms
		Release|x86 = Release|x86
	EndGlobalSection
	GlobalSection(ProjectConfigurationPlatforms) = postSolution
		{021B8D0B-7350-41DA-8BFB-6DB509AF4068}.Debug|Any CPU.ActiveCfg = Debug|Any CPU
		{021B8D0B-7350-41DA-8BFB-6DB509AF4068}.Debug|Any CPU.Build.0 = Debug|Any CPU
		{021B8D0B-7350-41DA-8BFB-6DB509AF4068}.Debug|Mixed Platforms.ActiveCfg = Debug|Any CPU
		{021B8D0B-7350-41DA-8BFB-6DB509AF4068}.Debug|Mixed Platforms.Build.0 = Debug|Any CPU
		{021B8D0B-7350-41DA-8BFB-6DB509AF4068}.Debug|x86.ActiveCfg = Debug|Any CPU
		{021B8D0B-7350-41DA-8BFB-6DB509AF4068}.Release|Any CPU.ActiveCfg = Release|Any CPU
		{021B8D0B-7350-41DA-8BFB-6DB509AF4068}.Release|Any CPU.Build.0 = Release|Any CPU
		{021B8D0B-7350-41DA-8BFB-6DB509AF4068}.Release|Mixed Platforms.ActiveCfg = Release|Any CPU
		{021B8D0B-7350-41DA-8BFB-6DB509AF4068}.Release|Mixed Platforms.Build.0 = Release|Any CPU
		{021B8D0B-7350-41DA-8BFB-6DB509AF4068}.Release|x86.ActiveCfg = Release|Any CPU
		{CEA4637C-FBF3-46F1-AEE2-AE2BD6D67739}.Debug|Any CPU.ActiveCfg = Debug|Any CPU
		{CEA4637C-FBF3-46F1-AEE2-AE2BD6D67739}.Debug|Any CPU.Build.0 = Debug|Any CPU
		{CEA4637C-FBF3-46F1-AEE2-AE2BD6D67739}.Debug|Mixed Platforms.ActiveCfg = Debug|Any CPU
		{CEA4637C-FBF3-46F1-AEE2-AE2BD6D67739}.Debug|Mixed Platforms.Build.0 = Debug|Any CPU
		{CEA4637C-FBF3-46F1-AEE2-AE2BD6D67739}.Debug|x86.ActiveCfg = Debug|Any CPU
		{CEA4637C-FBF3-46F1-AEE2-AE2BD6D67739}.Release|Any CPU.ActiveCfg = Release|Any CPU
		{CEA4637C-FBF3-46F1-AEE2-AE2BD6D67739}.Release|Any CPU.Build.0 = Release|Any CPU
		{CEA4637C-FBF3-46F1-AEE2-AE2BD6D67739}.Release|Mixed Platforms.ActiveCfg = Release|Any CPU
		{CEA4637C-FBF3-46F1-AEE2-AE2BD6D67739}.Release|Mixed Platforms.Build.0 = Release|Any CPU
		{CEA4637C-FBF3-46F1-AEE2-AE2BD6D67739}.Release|x86.ActiveCfg = Release|Any CPU
	EndGlobalSection
	GlobalSection(SolutionProperties) = preSolution
		HideSolutionNode = FALSE
	EndGlobalSection
EndGlobal
